
Microsoft Visual Studio Solution File, Format Version 12.00
# Visual Studio Version 17
VisualStudioVersion = 17.0.31903.59
MinimumVisualStudioVersion = 10.0.40219.1
Project("{FAE04EC0-301F-11D3-BF4B-00C04F79EFBC}") = "RecordIt", "RecordIt\RecordIt.csproj", "{52CADF97-478A-403E-A435-07CD1CB649C3}"
EndProject
Global
	GlobalSection(SolutionConfigurationPlatforms) = preSolution
		Debug|Any CPU = Debug|Any CPU
		Release|Any CPU = Release|Any CPU
	EndGlobalSection
	GlobalSection(ProjectConfigurationPlatforms) = postSolution
		{52CADF97-478A-403E-A435-07CD1CB649C3}.Debug|Any CPU.ActiveCfg = Debug|Any CPU
		{52CADF97-478A-403E-A435-07CD1CB649C3}.Debug|Any CPU.Build.0 = Debug|Any CPU
		{52CADF97-478A-403E-A435-07CD1CB649C3}.Release|Any CPU.ActiveCfg = Release|Any CPU
		{52CADF97-478A-403E-A435-07CD1CB649C3}.Release|Any CPU.Build.0 = Release|Any CPU
	EndGlobalSection
	GlobalSection(SolutionProperties) = preSolution
		HideSolutionNode = FALSE
	EndGlobalSection
	GlobalSection(ExtensibilityGlobals) = postSolution
		SolutionGuid = {334E6058-9B23-419B-B3F3-F1BE20CE4427}
	EndGlobalSection
EndGlobal
